
Microsoft Visual Studio Solution File, Format Version 12.00
# Visual Studio Version 17
VisualStudioVersion = 17.6.33815.320
MinimumVisualStudioVersion = 10.0.40219.1
Project("{FAE04EC0-301F-11D3-BF4B-00C04F79EFBC}") = "DelegatesAndEvents", "DelegatesAndEvents.csproj", "{5F5E8975-847E-4C45-82BD-A2EDF2D78CEB}"
EndProject
Global
	GlobalSection(SolutionConfigurationPlatforms) = preSolution
		Debug|Any CPU = Debug|Any CPU
		Release|Any CPU = Release|Any CPU
	EndGlobalSection
	GlobalSection(ProjectConfigurationPlatforms) = postSolution
		{5F5E8975-847E-4C45-82BD-A2EDF2D78CEB}.Debug|Any CPU.ActiveCfg = Debug|Any CPU
		{5F5E8975-847E-4C45-82BD-A2EDF2D78CEB}.Debug|Any CPU.Build.0 = Debug|Any CPU
		{5F5E8975-847E-4C45-82BD-A2EDF2D78CEB}.Release|Any CPU.ActiveCfg = Release|Any CPU
		{5F5E8975-847E-4C45-82BD-A2EDF2D78CEB}.Release|Any CPU.Build.0 = Release|Any CPU
	EndGlobalSection
	GlobalSection(SolutionProperties) = preSolution
		HideSolutionNode = FALSE
	EndGlobalSection
	GlobalSection(ExtensibilityGlobals) = postSolution
		SolutionGuid = {FE003B4C-0129-4599-9D3D-ECD3406E457D}
	EndGlobalSection
EndGlobal
